{
	"name": "@20i/timesync",
	"version": "1.1.2",
	"lockfileVersion": 1,
	"requires": true,
	"dependencies": {
		"debug": {
			"version": "3.1.0",
			"resolved": "https://registry.npmjs.org/debug/-/debug-3.1.0.tgz",
			"integrity": "sha512-OX8XqP7/1a9cqkxYw2yXss15f26NKWBpDXQd0/uK/KPqdQhxbPa994hnzjcE2VqQpDslf55723cKPUOGSmMY3g==",
			"requires": {
				"ms": "2.0.0"
			}
		},
		"moment": {
			"version": "2.24.0",
			"resolved": "https://registry.npmjs.org/moment/-/moment-2.24.0.tgz",
			"integrity": "sha512-bV7f+6l2QigeBBZSM/6yTNq4P2fNpSWj/0e7jQcy87A8e7o2nAfP/34/2ky5Vw4B9S446EtIhodAzkFCcR4dQg=="
		},
		"ms": {
			"version": "2.0.0",
			"resolved": "https://registry.npmjs.org/ms/-/ms-2.0.0.tgz",
			"integrity": "sha1-VgiurfwAvmwpAd9fmGF4jeDVl8g="
		},
		"timesync-fork-wolf": {
			"version": "1.0.7",
			"resolved": "https://registry.npmjs.org/timesync-fork-wolf/-/timesync-fork-wolf-1.0.7.tgz",
			"integrity": "sha512-BdJqY3FLIr2Ul6uRlpU7Y4Tw1NB2WLxjPvyrx/fYT7ng44ATbkCwlNAxwusWpnIwpTvtB15FFY0qu04x2vuPIQ==",
			"requires": {
				"debug": "3.1.0"
			}
		}
	}
}
